// !$*UTF8*$!
{
	archiveVersion = 1;
	classes = {
	};
	objectVersion = 55;
	objects = {

/* Begin PBXBuildFile section */
		4A25C4D327A0040300FFBB09 /* writeToFile.sh in Resources */ = {isa = PBXBuildFile; fileRef = 4A25C4D227A0040000FFBB09 /* writeToFile.sh */; };
		4A25C4D627A00CCC00FFBB09 /* ConfigModel.swift in Sources */ = {isa = PBXBuildFile; fileRef = 4A25C4D527A00CCC00FFBB09 /* ConfigModel.swift */; };
		4A25C4D927A00D0600FFBB09 /* ScriptType.swift in Sources */ = {isa = PBXBuildFile; fileRef = 4A25C4D827A00D0600FFBB09 /* ScriptType.swift */; };
		4A4C61B1279FE9A0003C392E /* configCreate.sh in Resources */ = {isa = PBXBuildFile; fileRef = 4A4C61B0279FE958003C392E /* configCreate.sh */; };
		4A4C61B2279FE9A2003C392E /* configInitEnv.sh in Resources */ = {isa = PBXBuildFile; fileRef = 4A4C61AF279FE7CB003C392E /* configInitEnv.sh */; };
		4A4C61B3279FE9A4003C392E /* configInit.sh in Resources */ = {isa = PBXBuildFile; fileRef = 4A4C61AE279FE299003C392E /* configInit.sh */; };
		4A71B329279AB7B400A6F887 /* AppDelegate.swift in Sources */ = {isa = PBXBuildFile; fileRef = 4A71B328279AB7B400A6F887 /* AppDelegate.swift */; };
		4A71B32B279AB7B400A6F887 /* ViewController.swift in Sources */ = {isa = PBXBuildFile; fileRef = 4A71B32A279AB7B400A6F887 /* ViewController.swift */; };
		4A71B32D279AB7B500A6F887 /* Assets.xcassets in Resources */ = {isa = PBXBuildFile; fileRef = 4A71B32C279AB7B500A6F887 /* Assets.xcassets */; };
		4A71B330279AB7B500A6F887 /* Main.storyboard in Resources */ = {isa = PBXBuildFile; fileRef = 4A71B32E279AB7B500A6F887 /* Main.storyboard */; };
		4A71B338279AB8C500A6F887 /* EventMonitor.swift in Sources */ = {isa = PBXBuildFile; fileRef = 4A71B337279AB8C500A6F887 /* EventMonitor.swift */; };
		4A71B33A279AD27900A6F887 /* CreateConfigsViewController.swift in Sources */ = {isa = PBXBuildFile; fileRef = 4A71B339279AD27900A6F887 /* CreateConfigsViewController.swift */; };
		4A71B33C279AD3AE00A6F887 /* Helper.swift in Sources */ = {isa = PBXBuildFile; fileRef = 4A71B33B279AD3AE00A6F887 /* Helper.swift */; };
		4A71B33F279AD76100A6F887 /* removeDerivedData.sh in Resources */ = {isa = PBXBuildFile; fileRef = 4A71B33E279AD75E00A6F887 /* removeDerivedData.sh */; };
/* End PBXBuildFile section */

/* Begin PBXFileReference section */
		4A25C4D227A0040000FFBB09 /* writeToFile.sh */ = {isa = PBXFileReference; lastKnownFileType = text.script.sh; path = writeToFile.sh; sourceTree = "<group>"; };
		4A25C4D527A00CCC00FFBB09 /* ConfigModel.swift */ = {isa = PBXFileReference; lastKnownFileType = sourcecode.swift; path = ConfigModel.swift; sourceTree = "<group>"; };
		4A25C4D827A00D0600FFBB09 /* ScriptType.swift */ = {isa = PBXFileReference; lastKnownFileType = sourcecode.swift; path = ScriptType.swift; sourceTree = "<group>"; };
		4A4C61AE279FE299003C392E /* configInit.sh */ = {isa = PBXFileReference; lastKnownFileType = text.script.sh; path = configInit.sh; sourceTree = "<group>"; };
		4A4C61AF279FE7CB003C392E /* configInitEnv.sh */ = {isa = PBXFileReference; lastKnownFileType = text.script.sh; path = configInitEnv.sh; sourceTree = "<group>"; };
		4A4C61B0279FE958003C392E /* configCreate.sh */ = {isa = PBXFileReference; lastKnownFileType = text.script.sh; path = configCreate.sh; sourceTree = "<group>"; };
		4A71B325279AB7B400A6F887 /* MZDevTools.app */ = {isa = PBXFileReference; explicitFileType = wrapper.application; includeInIndex = 0; path = MZDevTools.app; sourceTree = BUILT_PRODUCTS_DIR; };
		4A71B328279AB7B400A6F887 /* AppDelegate.swift */ = {isa = PBXFileReference; lastKnownFileType = sourcecode.swift; path = AppDelegate.swift; sourceTree = "<group>"; };
		4A71B32A279AB7B400A6F887 /* ViewController.swift */ = {isa = PBXFileReference; lastKnownFileType = sourcecode.swift; path = ViewController.swift; sourceTree = "<group>"; };
		4A71B32C279AB7B500A6F887 /* Assets.xcassets */ = {isa = PBXFileReference; lastKnownFileType = folder.assetcatalog; path = Assets.xcassets; sourceTree = "<group>"; };
		4A71B32F279AB7B500A6F887 /* Base */ = {isa = PBXFileReference; lastKnownFileType = file.storyboard; name = Base; path = Base.lproj/Main.storyboard; sourceTree = "<group>"; };
		4A71B331279AB7B500A6F887 /* MZDevTools.entitlements */ = {isa = PBXFileReference; lastKnownFileType = text.plist.entitlements; path = MZDevTools.entitlements; sourceTree = "<group>"; };
		4A71B337279AB8C500A6F887 /* EventMonitor.swift */ = {isa = PBXFileReference; lastKnownFileType = sourcecode.swift; path = EventMonitor.swift; sourceTree = "<group>"; };
		4A71B339279AD27900A6F887 /* CreateConfigsViewController.swift */ = {isa = PBXFileReference; lastKnownFileType = sourcecode.swift; path = CreateConfigsViewController.swift; sourceTree = "<group>"; };
		4A71B33B279AD3AE00A6F887 /* Helper.swift */ = {isa = PBXFileReference; lastKnownFileType = sourcecode.swift; path = Helper.swift; sourceTree = "<group>"; };
		4A71B33E279AD75E00A6F887 /* removeDerivedData.sh */ = {isa = PBXFileReference; lastKnownFileType = text.script.sh; path = removeDerivedData.sh; sourceTree = "<group>"; };
/* End PBXFileReference section */

/* Begin PBXFrameworksBuildPhase section */
		4A71B322279AB7B400A6F887 /* Frameworks */ = {
			isa = PBXFrameworksBuildPhase;
			buildActionMask = 2147483647;
			files = (
			);
			runOnlyForDeploymentPostprocessing = 0;
		};
/* End PBXFrameworksBuildPhase section */

/* Begin PBXGroup section */
		4A25C4D427A00CC100FFBB09 /* Model */ = {
			isa = PBXGroup;
			children = (
				4A25C4D527A00CCC00FFBB09 /* ConfigModel.swift */,
			);
			path = Model;
			sourceTree = "<group>";
		};
		4A25C4D727A00CF500FFBB09 /* Enums */ = {
			isa = PBXGroup;
			children = (
				4A25C4D827A00D0600FFBB09 /* ScriptType.swift */,
			);
			path = Enums;
			sourceTree = "<group>";
		};
		4A4C61AD279FE1B7003C392E /* Config */ = {
			isa = PBXGroup;
			children = (
				4A4C61AE279FE299003C392E /* configInit.sh */,
				4A4C61AF279FE7CB003C392E /* configInitEnv.sh */,
				4A4C61B0279FE958003C392E /* configCreate.sh */,
				4A25C4D227A0040000FFBB09 /* writeToFile.sh */,
			);
			path = Config;
			sourceTree = "<group>";
		};
		4A71B31C279AB7B400A6F887 = {
			isa = PBXGroup;
			children = (
				4A71B327279AB7B400A6F887 /* MZDevTools */,
				4A71B326279AB7B400A6F887 /* Products */,
			);
			sourceTree = "<group>";
		};
		4A71B326279AB7B400A6F887 /* Products */ = {
			isa = PBXGroup;
			children = (
				4A71B325279AB7B400A6F887 /* MZDevTools.app */,
			);
			name = Products;
			sourceTree = "<group>";
		};
		4A71B327279AB7B400A6F887 /* MZDevTools */ = {
			isa = PBXGroup;
			children = (
				4A25C4D727A00CF500FFBB09 /* Enums */,
				4A25C4D427A00CC100FFBB09 /* Model */,
				4A71B33D279AD73C00A6F887 /* Scripts */,
				4A71B328279AB7B400A6F887 /* AppDelegate.swift */,
				4A71B32A279AB7B400A6F887 /* ViewController.swift */,
				4A71B32C279AB7B500A6F887 /* Assets.xcassets */,
				4A71B32E279AB7B500A6F887 /* Main.storyboard */,
				4A71B331279AB7B500A6F887 /* MZDevTools.entitlements */,
				4A71B337279AB8C500A6F887 /* EventMonitor.swift */,
				4A71B339279AD27900A6F887 /* CreateConfigsViewController.swift */,
				4A71B33B279AD3AE00A6F887 /* Helper.swift */,
			);
			path = MZDevTools;
			sourceTree = "<group>";
		};
		4A71B33D279AD73C00A6F887 /* Scripts */ = {
			isa = PBXGroup;
			children = (
				4A4C61AD279FE1B7003C392E /* Config */,
				4A71B33E279AD75E00A6F887 /* removeDerivedData.sh */,
			);
			path = Scripts;
			sourceTree = "<group>";
		};
/* End PBXGroup section */

/* Begin PBXNativeTarget section */
		4A71B324279AB7B400A6F887 /* MZDevTools */ = {
			isa = PBXNativeTarget;
			buildConfigurationList = 4A71B334279AB7B500A6F887 /* Build configuration list for PBXNativeTarget "MZDevTools" */;
			buildPhases = (
				4A71B321279AB7B400A6F887 /* Sources */,
				4A71B322279AB7B400A6F887 /* Frameworks */,
				4A71B323279AB7B400A6F887 /* Resources */,
			);
			buildRules = (
			);
			dependencies = (
			);
			name = MZDevTools;
			productName = MZDevTools;
			productReference = 4A71B325279AB7B400A6F887 /* MZDevTools.app */;
			productType = "com.apple.product-type.application";
		};
/* End PBXNativeTarget section */

/* Begin PBXProject section */
		4A71B31D279AB7B400A6F887 /* Project object */ = {
			isa = PBXProject;
			attributes = {
				BuildIndependentTargetsInParallel = 1;
				LastSwiftUpdateCheck = 1300;
				LastUpgradeCheck = 1300;
				TargetAttributes = {
					4A71B324279AB7B400A6F887 = {
						CreatedOnToolsVersion = 13.0;
					};
				};
			};
			buildConfigurationList = 4A71B320279AB7B400A6F887 /* Build configuration list for PBXProject "MZDevTools" */;
			compatibilityVersion = "Xcode 13.0";
			developmentRegion = en;
			hasScannedForEncodings = 0;
			knownRegions = (
				en,
				Base,
			);
			mainGroup = 4A71B31C279AB7B400A6F887;
			productRefGroup = 4A71B326279AB7B400A6F887 /* Products */;
			projectDirPath = "";
			projectRoot = "";
			targets = (
				4A71B324279AB7B400A6F887 /* MZDevTools */,
			);
		};
/* End PBXProject section */

/* Begin PBXResourcesBuildPhase section */
		4A71B323279AB7B400A6F887 /* Resources */ = {
			isa = PBXResourcesBuildPhase;
			buildActionMask = 2147483647;
			files = (
				4A25C4D327A0040300FFBB09 /* writeToFile.sh in Resources */,
				4A4C61B3279FE9A4003C392E /* configInit.sh in Resources */,
				4A71B33F279AD76100A6F887 /* removeDerivedData.sh in Resources */,
				4A71B32D279AB7B500A6F887 /* Assets.xcassets in Resources */,
				4A71B330279AB7B500A6F887 /* Main.storyboard in Resources */,
				4A4C61B1279FE9A0003C392E /* configCreate.sh in Resources */,
				4A4C61B2279FE9A2003C392E /* configInitEnv.sh in Resources */,
			);
			runOnlyForDeploymentPostprocessing = 0;
		};
/* End PBXResourcesBuildPhase section */

/* Begin PBXSourcesBuildPhase section */
		4A71B321279AB7B400A6F887 /* Sources */ = {
			isa = PBXSourcesBuildPhase;
			buildActionMask = 2147483647;
			files = (
				4A25C4D927A00D0600FFBB09 /* ScriptType.swift in Sources */,
				4A71B338279AB8C500A6F887 /* EventMonitor.swift in Sources */,
				4A25C4D627A00CCC00FFBB09 /* ConfigModel.swift in Sources */,
				4A71B32B279AB7B400A6F887 /* ViewController.swift in Sources */,
				4A71B33C279AD3AE00A6F887 /* Helper.swift in Sources */,
				4A71B33A279AD27900A6F887 /* CreateConfigsViewController.swift in Sources */,
				4A71B329279AB7B400A6F887 /* AppDelegate.swift in Sources */,
			);
			runOnlyForDeploymentPostprocessing = 0;
		};
/* End PBXSourcesBuildPhase section */

/* Begin PBXVariantGroup section */
		4A71B32E279AB7B500A6F887 /* Main.storyboard */ = {
			isa = PBXVariantGroup;
			children = (
				4A71B32F279AB7B500A6F887 /* Base */,
			);
			name = Main.storyboard;
			sourceTree = "<group>";
		};
/* End PBXVariantGroup section */

/* Begin XCBuildConfiguration section */
		4A71B332279AB7B500A6F887 /* Debug */ = {
			isa = XCBuildConfiguration;
			buildSettings = {
				ALWAYS_SEARCH_USER_PATHS = NO;
				CLANG_ANALYZER_NONNULL = YES;
				CLANG_ANALYZER_NUMBER_OBJECT_CONVERSION = YES_AGGRESSIVE;
				CLANG_CXX_LANGUAGE_STANDARD = "gnu++17";
				CLANG_CXX_LIBRARY = "libc++";
				CLANG_ENABLE_MODULES = YES;
				CLANG_ENABLE_OBJC_ARC = YES;
				CLANG_ENABLE_OBJC_WEAK = YES;
				CLANG_WARN_BLOCK_CAPTURE_AUTORELEASING = YES;
				CLANG_WARN_BOOL_CONVERSION = YES;
				CLANG_WARN_COMMA = YES;
				CLANG_WARN_CONSTANT_CONVERSION = YES;
				CLANG_WARN_DEPRECATED_OBJC_IMPLEMENTATIONS = YES;
				CLANG_WARN_DIRECT_OBJC_ISA_USAGE = YES_ERROR;
				CLANG_WARN_DOCUMENTATION_COMMENTS = YES;
				CLANG_WARN_EMPTY_BODY = YES;
				CLANG_WARN_ENUM_CONVERSION = YES;
				CLANG_WARN_INFINITE_RECURSION = YES;
				CLANG_WARN_INT_CONVERSION = YES;
				CLANG_WARN_NON_LITERAL_NULL_CONVERSION = YES;
				CLANG_WARN_OBJC_IMPLICIT_RETAIN_SELF = YES;
				CLANG_WARN_OBJC_LITERAL_CONVERSION = YES;
				CLANG_WARN_OBJC_ROOT_CLASS = YES_ERROR;
				CLANG_WARN_QUOTED_INCLUDE_IN_FRAMEWORK_HEADER = YES;
				CLANG_WARN_RANGE_LOOP_ANALYSIS = YES;
				CLANG_WARN_STRICT_PROTOTYPES = YES;
				CLANG_WARN_SUSPICIOUS_MOVE = YES;
				CLANG_WARN_UNGUARDED_AVAILABILITY = YES_AGGRESSIVE;
				CLANG_WARN_UNREACHABLE_CODE = YES;
				CLANG_WARN__DUPLICATE_METHOD_MATCH = YES;
				COPY_PHASE_STRIP = NO;
				DEBUG_INFORMATION_FORMAT = dwarf;
				ENABLE_STRICT_OBJC_MSGSEND = YES;
				ENABLE_TESTABILITY = YES;
				GCC_C_LANGUAGE_STANDARD = gnu11;
				GCC_DYNAMIC_NO_PIC = NO;
				GCC_NO_COMMON_BLOCKS = YES;
				GCC_OPTIMIZATION_LEVEL = 0;
				GCC_PREPROCESSOR_DEFINITIONS = (
					"DEBUG=1",
					"$(inherited)",
				);
				GCC_WARN_64_TO_32_BIT_CONVERSION = YES;
				GCC_WARN_ABOUT_RETURN_TYPE = YES_ERROR;
				GCC_WARN_UNDECLARED_SELECTOR = YES;
				GCC_WARN_UNINITIALIZED_AUTOS = YES_AGGRESSIVE;
				GCC_WARN_UNUSED_FUNCTION = YES;
				GCC_WARN_UNUSED_VARIABLE = YES;
				MACOSX_DEPLOYMENT_TARGET = 11.3;
				MTL_ENABLE_DEBUG_INFO = INCLUDE_SOURCE;
				MTL_FAST_MATH = YES;
				ONLY_ACTIVE_ARCH = YES;
				SDKROOT = macosx;
				SWIFT_ACTIVE_COMPILATION_CONDITIONS = DEBUG;
				SWIFT_OPTIMIZATION_LEVEL = "-Onone";
			};
			name = Debug;
		};
		4A71B333279AB7B500A6F887 /* Release */ = {
			isa = XCBuildConfiguration;
			buildSettings = {
				ALWAYS_SEARCH_USER_PATHS = NO;
				CLANG_ANALYZER_NONNULL = YES;
				CLANG_ANALYZER_NUMBER_OBJECT_CONVERSION = YES_AGGRESSIVE;
				CLANG_CXX_LANGUAGE_STANDARD = "gnu++17";
				CLANG_CXX_LIBRARY = "libc++";
				CLANG_ENABLE_MODULES = YES;
				CLANG_ENABLE_OBJC_ARC = YES;
				CLANG_ENABLE_OBJC_WEAK = YES;
				CLANG_WARN_BLOCK_CAPTURE_AUTORELEASING = YES;
				CLANG_WARN_BOOL_CONVERSION = YES;
				CLANG_WARN_COMMA = YES;
				CLANG_WARN_CONSTANT_CONVERSION = YES;
				CLANG_WARN_DEPRECATED_OBJC_IMPLEMENTATIONS = YES;
				CLANG_WARN_DIRECT_OBJC_ISA_USAGE = YES_ERROR;
				CLANG_WARN_DOCUMENTATION_COMMENTS = YES;
				CLANG_WARN_EMPTY_BODY = YES;
				CLANG_WARN_ENUM_CONVERSION = YES;
				CLANG_WARN_INFINITE_RECURSION = YES;
				CLANG_WARN_INT_CONVERSION = YES;
				CLANG_WARN_NON_LITERAL_NULL_CONVERSION = YES;
				CLANG_WARN_OBJC_IMPLICIT_RETAIN_SELF = YES;
				CLANG_WARN_OBJC_LITERAL_CONVERSION = YES;
				CLANG_WARN_OBJC_ROOT_CLASS = YES_ERROR;
				CLANG_WARN_QUOTED_INCLUDE_IN_FRAMEWORK_HEADER = YES;
				CLANG_WARN_RANGE_LOOP_ANALYSIS = YES;
				CLANG_WARN_STRICT_PROTOTYPES = YES;
				CLANG_WARN_SUSPICIOUS_MOVE = YES;
				CLANG_WARN_UNGUARDED_AVAILABILITY = YES_AGGRESSIVE;
				CLANG_WARN_UNREACHABLE_CODE = YES;
				CLANG_WARN__DUPLICATE_METHOD_MATCH = YES;
				COPY_PHASE_STRIP = NO;
				DEBUG_INFORMATION_FORMAT = "dwarf-with-dsym";
				ENABLE_NS_ASSERTIONS = NO;
				ENABLE_STRICT_OBJC_MSGSEND = YES;
				GCC_C_LANGUAGE_STANDARD = gnu11;
				GCC_NO_COMMON_BLOCKS = YES;
				GCC_WARN_64_TO_32_BIT_CONVERSION = YES;
				GCC_WARN_ABOUT_RETURN_TYPE = YES_ERROR;
				GCC_WARN_UNDECLARED_SELECTOR = YES;
				GCC_WARN_UNINITIALIZED_AUTOS = YES_AGGRESSIVE;
				GCC_WARN_UNUSED_FUNCTION = YES;
				GCC_WARN_UNUSED_VARIABLE = YES;
				MACOSX_DEPLOYMENT_TARGET = 11.3;
				MTL_ENABLE_DEBUG_INFO = NO;
				MTL_FAST_MATH = YES;
				SDKROOT = macosx;
				SWIFT_COMPILATION_MODE = wholemodule;
				SWIFT_OPTIMIZATION_LEVEL = "-O";
			};
			name = Release;
		};
		4A71B335279AB7B500A6F887 /* Debug */ = {
			isa = XCBuildConfiguration;
			buildSettings = {
				ASSETCATALOG_COMPILER_APPICON_NAME = AppIcon;
				ASSETCATALOG_COMPILER_GLOBAL_ACCENT_COLOR_NAME = AccentColor;
				CODE_SIGN_ENTITLEMENTS = MZDevTools/MZDevTools.entitlements;
				CODE_SIGN_STYLE = Automatic;
				COMBINE_HIDPI_IMAGES = YES;
				CURRENT_PROJECT_VERSION = 1;
				DEVELOPMENT_TEAM = A6SU8KPM4Z;
				ENABLE_HARDENED_RUNTIME = YES;
				GENERATE_INFOPLIST_FILE = YES;
				INFOPLIST_KEY_NSHumanReadableCopyright = "";
				INFOPLIST_KEY_NSMainStoryboardFile = Main;
				INFOPLIST_KEY_NSPrincipalClass = NSApplication;
				LD_RUNPATH_SEARCH_PATHS = (
					"$(inherited)",
					"@executable_path/../Frameworks",
				);
				MACOSX_DEPLOYMENT_TARGET = 10.10;
				MARKETING_VERSION = 1.0;
				PRODUCT_BUNDLE_IDENTIFIER = com.memedina.MzDevTools.MZDevTools;
				PRODUCT_NAME = "$(TARGET_NAME)";
				SWIFT_EMIT_LOC_STRINGS = YES;
				SWIFT_VERSION = 5.0;
			};
			name = Debug;
		};
		4A71B336279AB7B500A6F887 /* Release */ = {
			isa = XCBuildConfiguration;
			buildSettings = {
				ASSETCATALOG_COMPILER_APPICON_NAME = AppIcon;
				ASSETCATALOG_COMPILER_GLOBAL_ACCENT_COLOR_NAME = AccentColor;
				CODE_SIGN_ENTITLEMENTS = MZDevTools/MZDevTools.entitlements;
				CODE_SIGN_STYLE = Automatic;
				COMBINE_HIDPI_IMAGES = YES;
				CURRENT_PROJECT_VERSION = 1;
				DEVELOPMENT_TEAM = A6SU8KPM4Z;
				ENABLE_HARDENED_RUNTIME = YES;
				GENERATE_INFOPLIST_FILE = YES;
				INFOPLIST_KEY_NSHumanReadableCopyright = "";
				INFOPLIST_KEY_NSMainStoryboardFile = Main;
				INFOPLIST_KEY_NSPrincipalClass = NSApplication;
				LD_RUNPATH_SEARCH_PATHS = (
					"$(inherited)",
					"@executable_path/../Frameworks",
				);
				MACOSX_DEPLOYMENT_TARGET = 10.10;
				MARKETING_VERSION = 1.0;
				PRODUCT_BUNDLE_IDENTIFIER = com.memedina.MzDevTools.MZDevTools;
				PRODUCT_NAME = "$(TARGET_NAME)";
				SWIFT_EMIT_LOC_STRINGS = YES;
				SWIFT_VERSION = 5.0;
			};
			name = Release;
		};
/* End XCBuildConfiguration section */

/* Begin XCConfigurationList section */
		4A71B320279AB7B400A6F887 /* Build configuration list for PBXProject "MZDevTools" */ = {
			isa = XCConfigurationList;
			buildConfigurations = (
				4A71B332279AB7B500A6F887 /* Debug */,
				4A71B333279AB7B500A6F887 /* Release */,
			);
			defaultConfigurationIsVisible = 0;
			defaultConfigurationName = Release;
		};
		4A71B334279AB7B500A6F887 /* Build configuration list for PBXNativeTarget "MZDevTools" */ = {
			isa = XCConfigurationList;
			buildConfigurations = (
				4A71B335279AB7B500A6F887 /* Debug */,
				4A71B336279AB7B500A6F887 /* Release */,
			);
			defaultConfigurationIsVisible = 0;
			defaultConfigurationName = Release;
		};
/* End XCConfigurationList section */
	};
	rootObject = 4A71B31D279AB7B400A6F887 /* Project object */;
}
